
Microsoft Visual Studio Solution File, Format Version 12.00
# Visual Studio 15
VisualStudioVersion = 15.0.26430.13
MinimumVisualStudioVersion = 10.0.40219.1
Project("{FAE04EC0-301F-11D3-BF4B-00C04F79EFBC}") = "Bearded.Utilities", "Bearded.Utilities\Bearded.Utilities.csproj", "{2F580B9D-6255-4427-8395-5EF236C9401C}"
EndProject
Project("{FAE04EC0-301F-11D3-BF4B-00C04F79EFBC}") = "Bearded.Utilities.Tests", "Bearded.Utilities.Tests\Bearded.Utilities.Tests.csproj", "{7EDB76CB-E9DC-4BCC-A610-12BE4976A701}"
EndProject
Project("{FAE04EC0-301F-11D3-BF4B-00C04F79EFBC}") = "Bearded.Utilities.Testing", "Bearded.Utilities.Testing\Bearded.Utilities.Testing.csproj", "{C83131DC-2AD2-4B35-BD77-735A937B70C7}"
EndProject
Project("{FAE04EC0-301F-11D3-BF4B-00C04F79EFBC}") = "Bearded.Utilities.Testing.Tests", "Bearded.Utilities.Testing.Tests\Bearded.Utilities.Testing.Tests.csproj", "{D31CF841-95DD-4B6A-887C-930796E7FEDC}"
EndProject
Project("{FAE04EC0-301F-11D3-BF4B-00C04F79EFBC}") = "Bearded.Utilities.Benchmarks", "Bearded.Utilities.Benchmarks\Bearded.Utilities.Benchmarks.csproj", "{6078D548-38CD-49B4-B1F7-228DB6325E06}"
EndProject
Global
	GlobalSection(SolutionConfigurationPlatforms) = preSolution
		Debug|Any CPU = Debug|Any CPU
		Release|Any CPU = Release|Any CPU
	EndGlobalSection
	GlobalSection(ProjectConfigurationPlatforms) = postSolution
		{2F580B9D-6255-4427-8395-5EF236C9401C}.Debug|Any CPU.ActiveCfg = Debug|Any CPU
		{2F580B9D-6255-4427-8395-5EF236C9401C}.Debug|Any CPU.Build.0 = Debug|Any CPU
		{2F580B9D-6255-4427-8395-5EF236C9401C}.Release|Any CPU.ActiveCfg = Release|Any CPU
		{2F580B9D-6255-4427-8395-5EF236C9401C}.Release|Any CPU.Build.0 = Release|Any CPU
		{7EDB76CB-E9DC-4BCC-A610-12BE4976A701}.Debug|Any CPU.ActiveCfg = Debug|Any CPU
		{7EDB76CB-E9DC-4BCC-A610-12BE4976A701}.Debug|Any CPU.Build.0 = Debug|Any CPU
		{7EDB76CB-E9DC-4BCC-A610-12BE4976A701}.Release|Any CPU.ActiveCfg = Release|Any CPU
		{7EDB76CB-E9DC-4BCC-A610-12BE4976A701}.Release|Any CPU.Build.0 = Release|Any CPU
		{C83131DC-2AD2-4B35-BD77-735A937B70C7}.Debug|Any CPU.ActiveCfg = Debug|Any CPU
		{C83131DC-2AD2-4B35-BD77-735A937B70C7}.Debug|Any CPU.Build.0 = Debug|Any CPU
		{C83131DC-2AD2-4B35-BD77-735A937B70C7}.Release|Any CPU.ActiveCfg = Release|Any CPU
		{C83131DC-2AD2-4B35-BD77-735A937B70C7}.Release|Any CPU.Build.0 = Release|Any CPU
		{D31CF841-95DD-4B6A-887C-930796E7FEDC}.Debug|Any CPU.ActiveCfg = Debug|Any CPU
		{D31CF841-95DD-4B6A-887C-930796E7FEDC}.Debug|Any CPU.Build.0 = Debug|Any CPU
		{D31CF841-95DD-4B6A-887C-930796E7FEDC}.Release|Any CPU.ActiveCfg = Release|Any CPU
		{D31CF841-95DD-4B6A-887C-930796E7FEDC}.Release|Any CPU.Build.0 = Release|Any CPU
		{6078D548-38CD-49B4-B1F7-228DB6325E06}.Debug|Any CPU.ActiveCfg = Debug|Any CPU
		{6078D548-38CD-49B4-B1F7-228DB6325E06}.Debug|Any CPU.Build.0 = Debug|Any CPU
		{6078D548-38CD-49B4-B1F7-228DB6325E06}.Release|Any CPU.ActiveCfg = Release|Any CPU
		{6078D548-38CD-49B4-B1F7-228DB6325E06}.Release|Any CPU.Build.0 = Release|Any CPU
	EndGlobalSection
	GlobalSection(SolutionProperties) = preSolution
		HideSolutionNode = FALSE
	EndGlobalSection
EndGlobal
